
Microsoft Visual Studio Solution File, Format Version 12.00
# Visual Studio Version 17
VisualStudioVersion = 17.4.33213.308
MinimumVisualStudioVersion = 10.0.40219.1
Project("{FAE04EC0-301F-11D3-BF4B-00C04F79EFBC}") = "ConsoleApp1", "ConsoleApp1\ConsoleApp1.csproj", "{670594AD-F40B-4515-AD6E-DF518CB76E5B}"
EndProject
Global
	GlobalSection(SolutionConfigurationPlatforms) = preSolution
		Debug|Any CPU = Debug|Any CPU
		Release|Any CPU = Release|Any CPU
	EndGlobalSection
	GlobalSection(ProjectConfigurationPlatforms) = postSolution
		{670594AD-F40B-4515-AD6E-DF518CB76E5B}.Debug|Any CPU.ActiveCfg = Debug|Any CPU
		{670594AD-F40B-4515-AD6E-DF518CB76E5B}.Debug|Any CPU.Build.0 = Debug|Any CPU
		{670594AD-F40B-4515-AD6E-DF518CB76E5B}.Release|Any CPU.ActiveCfg = Release|Any CPU
		{670594AD-F40B-4515-AD6E-DF518CB76E5B}.Release|Any CPU.Build.0 = Release|Any CPU
	EndGlobalSection
	GlobalSection(SolutionProperties) = preSolution
		HideSolutionNode = FALSE
	EndGlobalSection
	GlobalSection(ExtensibilityGlobals) = postSolution
		SolutionGuid = {B7871FCD-2C4A-421C-9CFF-EAB1C31F01B8}
	EndGlobalSection
EndGlobal
